// !$*UTF8*$!
{
	archiveVersion = 1;
	classes = {
	};
	objectVersion = 50;
	objects = {

/* Begin PBXBuildFile section */
		1714A4AF2094F2AD0064DE1D /* MiniLabViewController.swift in Sources */ = {isa = PBXBuildFile; fileRef = 1714A4AE2094F2AD0064DE1D /* MiniLabViewController.swift */; };
		1714A4B12094F3C10064DE1D /* MapViewController.swift in Sources */ = {isa = PBXBuildFile; fileRef = 1714A4B02094F3C10064DE1D /* MapViewController.swift */; };
		1714A4B32094FA450064DE1D /* Place.swift in Sources */ = {isa = PBXBuildFile; fileRef = 1714A4B22094FA450064DE1D /* Place.swift */; };
		1714A4B52094FD1A0064DE1D /* NewsDetailViewController.swift in Sources */ = {isa = PBXBuildFile; fileRef = 1714A4B42094FD1A0064DE1D /* NewsDetailViewController.swift */; };
		172AE6B42093F65100EE8CC0 /* AppDelegate.swift in Sources */ = {isa = PBXBuildFile; fileRef = 172AE6B32093F65100EE8CC0 /* AppDelegate.swift */; };
		172AE6B92093F65200EE8CC0 /* Main.storyboard in Resources */ = {isa = PBXBuildFile; fileRef = 172AE6B72093F65200EE8CC0 /* Main.storyboard */; };
		172AE6BC2093F65200EE8CC0 /* iHelper_App.xcdatamodeld in Sources */ = {isa = PBXBuildFile; fileRef = 172AE6BA2093F65200EE8CC0 /* iHelper_App.xcdatamodeld */; };
		172AE6BE2093F65500EE8CC0 /* Assets.xcassets in Resources */ = {isa = PBXBuildFile; fileRef = 172AE6BD2093F65500EE8CC0 /* Assets.xcassets */; };
		172AE6C12093F65500EE8CC0 /* LaunchScreen.storyboard in Resources */ = {isa = PBXBuildFile; fileRef = 172AE6BF2093F65500EE8CC0 /* LaunchScreen.storyboard */; };
		172AE6D22093FBDD00EE8CC0 /* TabBarController.swift in Sources */ = {isa = PBXBuildFile; fileRef = 172AE6D12093FBDD00EE8CC0 /* TabBarController.swift */; };
		172AE6D42093FE3400EE8CC0 /* CollectionViewController.swift in Sources */ = {isa = PBXBuildFile; fileRef = 172AE6D32093FE3400EE8CC0 /* CollectionViewController.swift */; };
		172AE6D62093FEBC00EE8CC0 /* NewsCollectionViewCell.swift in Sources */ = {isa = PBXBuildFile; fileRef = 172AE6D52093FEBC00EE8CC0 /* NewsCollectionViewCell.swift */; };
		172AE6DA2094D35800EE8CC0 /* News.swift in Sources */ = {isa = PBXBuildFile; fileRef = 172AE6D92094D35800EE8CC0 /* News.swift */; };
		172AE6DC2094D36A00EE8CC0 /* User.swift in Sources */ = {isa = PBXBuildFile; fileRef = 172AE6DB2094D36A00EE8CC0 /* User.swift */; };
/* End PBXBuildFile section */

/* Begin PBXFileReference section */
		1714A4AE2094F2AD0064DE1D /* MiniLabViewController.swift */ = {isa = PBXFileReference; lastKnownFileType = sourcecode.swift; path = MiniLabViewController.swift; sourceTree = "<group>"; };
		1714A4B02094F3C10064DE1D /* MapViewController.swift */ = {isa = PBXFileReference; lastKnownFileType = sourcecode.swift; path = MapViewController.swift; sourceTree = "<group>"; };
		1714A4B22094FA450064DE1D /* Place.swift */ = {isa = PBXFileReference; lastKnownFileType = sourcecode.swift; path = Place.swift; sourceTree = "<group>"; };
		1714A4B42094FD1A0064DE1D /* NewsDetailViewController.swift */ = {isa = PBXFileReference; lastKnownFileType = sourcecode.swift; path = NewsDetailViewController.swift; sourceTree = "<group>"; };
		172AE6B02093F65100EE8CC0 /* iHelper App.app */ = {isa = PBXFileReference; explicitFileType = wrapper.application; includeInIndex = 0; path = "iHelper App.app"; sourceTree = BUILT_PRODUCTS_DIR; };
		172AE6B32093F65100EE8CC0 /* AppDelegate.swift */ = {isa = PBXFileReference; lastKnownFileType = sourcecode.swift; path = AppDelegate.swift; sourceTree = "<group>"; };
		172AE6B82093F65200EE8CC0 /* Base */ = {isa = PBXFileReference; lastKnownFileType = file.storyboard; name = Base; path = Base.lproj/Main.storyboard; sourceTree = "<group>"; };
		172AE6BB2093F65200EE8CC0 /* iHelper_App.xcdatamodel */ = {isa = PBXFileReference; lastKnownFileType = wrapper.xcdatamodel; path = iHelper_App.xcdatamodel; sourceTree = "<group>"; };
		172AE6BD2093F65500EE8CC0 /* Assets.xcassets */ = {isa = PBXFileReference; lastKnownFileType = folder.assetcatalog; path = Assets.xcassets; sourceTree = "<group>"; };
		172AE6C02093F65500EE8CC0 /* Base */ = {isa = PBXFileReference; lastKnownFileType = file.storyboard; name = Base; path = Base.lproj/LaunchScreen.storyboard; sourceTree = "<group>"; };
		172AE6C22093F65500EE8CC0 /* Info.plist */ = {isa = PBXFileReference; lastKnownFileType = text.plist.xml; path = Info.plist; sourceTree = "<group>"; };
		172AE6D12093FBDD00EE8CC0 /* TabBarController.swift */ = {isa = PBXFileReference; lastKnownFileType = sourcecode.swift; path = TabBarController.swift; sourceTree = "<group>"; };
		172AE6D32093FE3400EE8CC0 /* CollectionViewController.swift */ = {isa = PBXFileReference; lastKnownFileType = sourcecode.swift; path = CollectionViewController.swift; sourceTree = "<group>"; };
		172AE6D52093FEBC00EE8CC0 /* NewsCollectionViewCell.swift */ = {isa = PBXFileReference; lastKnownFileType = sourcecode.swift; path = NewsCollectionViewCell.swift; sourceTree = "<group>"; };
		172AE6D92094D35800EE8CC0 /* News.swift */ = {isa = PBXFileReference; lastKnownFileType = sourcecode.swift; path = News.swift; sourceTree = "<group>"; };
		172AE6DB2094D36A00EE8CC0 /* User.swift */ = {isa = PBXFileReference; lastKnownFileType = sourcecode.swift; path = User.swift; sourceTree = "<group>"; };
/* End PBXFileReference section */

/* Begin PBXFrameworksBuildPhase section */
		172AE6AD2093F65100EE8CC0 /* Frameworks */ = {
			isa = PBXFrameworksBuildPhase;
			buildActionMask = 2147483647;
			files = (
			);
			runOnlyForDeploymentPostprocessing = 0;
		};
/* End PBXFrameworksBuildPhase section */

/* Begin PBXGroup section */
		172AE6A72093F65100EE8CC0 = {
			isa = PBXGroup;
			children = (
				172AE6B22093F65100EE8CC0 /* iHelper App */,
				172AE6B12093F65100EE8CC0 /* Products */,
			);
			sourceTree = "<group>";
		};
		172AE6B12093F65100EE8CC0 /* Products */ = {
			isa = PBXGroup;
			children = (
				172AE6B02093F65100EE8CC0 /* iHelper App.app */,
			);
			name = Products;
			sourceTree = "<group>";
		};
		172AE6B22093F65100EE8CC0 /* iHelper App */ = {
			isa = PBXGroup;
			children = (
				172AE6CE2093F7F400EE8CC0 /* Main */,
				172AE6CD2093F7F000EE8CC0 /* ViewController */,
				172AE6CC2093F7EB00EE8CC0 /* View */,
				172AE6CB2093F7E700EE8CC0 /* Model */,
				172AE6CA2093F7E300EE8CC0 /* Service */,
				172AE6C82093F7BB00EE8CC0 /* Dao */,
				172AE6C92093F7CA00EE8CC0 /* Resourses */,
				172AE6C22093F65500EE8CC0 /* Info.plist */,
				172AE6BA2093F65200EE8CC0 /* iHelper_App.xcdatamodeld */,
			);
			path = "iHelper App";
			sourceTree = "<group>";
		};
		172AE6C82093F7BB00EE8CC0 /* Dao */ = {
			isa = PBXGroup;
			children = (
			);
			path = Dao;
			sourceTree = "<group>";
		};
		172AE6C92093F7CA00EE8CC0 /* Resourses */ = {
			isa = PBXGroup;
			children = (
				172AE6B72093F65200EE8CC0 /* Main.storyboard */,
				172AE6BD2093F65500EE8CC0 /* Assets.xcassets */,
				172AE6BF2093F65500EE8CC0 /* LaunchScreen.storyboard */,
			);
			path = Resourses;
			sourceTree = "<group>";
		};
		172AE6CA2093F7E300EE8CC0 /* Service */ = {
			isa = PBXGroup;
			children = (
			);
			path = Service;
			sourceTree = "<group>";
		};
		172AE6CB2093F7E700EE8CC0 /* Model */ = {
			isa = PBXGroup;
			children = (
				172AE6D92094D35800EE8CC0 /* News.swift */,
				172AE6DB2094D36A00EE8CC0 /* User.swift */,
				1714A4B22094FA450064DE1D /* Place.swift */,
			);
			path = Model;
			sourceTree = "<group>";
		};
		172AE6CC2093F7EB00EE8CC0 /* View */ = {
			isa = PBXGroup;
			children = (
				172AE6D52093FEBC00EE8CC0 /* NewsCollectionViewCell.swift */,
			);
			path = View;
			sourceTree = "<group>";
		};
		172AE6CD2093F7F000EE8CC0 /* ViewController */ = {
			isa = PBXGroup;
			children = (
				172AE6D12093FBDD00EE8CC0 /* TabBarController.swift */,
				172AE6D32093FE3400EE8CC0 /* CollectionViewController.swift */,
				1714A4AE2094F2AD0064DE1D /* MiniLabViewController.swift */,
				1714A4B02094F3C10064DE1D /* MapViewController.swift */,
				1714A4B42094FD1A0064DE1D /* NewsDetailViewController.swift */,
			);
			path = ViewController;
			sourceTree = "<group>";
		};
		172AE6CE2093F7F400EE8CC0 /* Main */ = {
			isa = PBXGroup;
			children = (
				172AE6B32093F65100EE8CC0 /* AppDelegate.swift */,
			);
			path = Main;
			sourceTree = "<group>";
		};
/* End PBXGroup section */

/* Begin PBXNativeTarget section */
		172AE6AF2093F65100EE8CC0 /* iHelper App */ = {
			isa = PBXNativeTarget;
			buildConfigurationList = 172AE6C52093F65500EE8CC0 /* Build configuration list for PBXNativeTarget "iHelper App" */;
			buildPhases = (
				172AE6AC2093F65100EE8CC0 /* Sources */,
				172AE6AD2093F65100EE8CC0 /* Frameworks */,
				172AE6AE2093F65100EE8CC0 /* Resources */,
			);
			buildRules = (
			);
			dependencies = (
			);
			name = "iHelper App";
			productName = "iHelper App";
			productReference = 172AE6B02093F65100EE8CC0 /* iHelper App.app */;
			productType = "com.apple.product-type.application";
		};
/* End PBXNativeTarget section */

/* Begin PBXProject section */
		172AE6A82093F65100EE8CC0 /* Project object */ = {
			isa = PBXProject;
			attributes = {
				LastSwiftUpdateCheck = 0930;
				LastUpgradeCheck = 0930;
				ORGANIZATIONNAME = "Habib Gramondi";
				TargetAttributes = {
					172AE6AF2093F65100EE8CC0 = {
						CreatedOnToolsVersion = 9.3;
					};
				};
			};
			buildConfigurationList = 172AE6AB2093F65100EE8CC0 /* Build configuration list for PBXProject "iHelper App" */;
			compatibilityVersion = "Xcode 9.3";
			developmentRegion = en;
			hasScannedForEncodings = 0;
			knownRegions = (
				en,
				Base,
			);
			mainGroup = 172AE6A72093F65100EE8CC0;
			productRefGroup = 172AE6B12093F65100EE8CC0 /* Products */;
			projectDirPath = "";
			projectRoot = "";
			targets = (
				172AE6AF2093F65100EE8CC0 /* iHelper App */,
			);
		};
/* End PBXProject section */

/* Begin PBXResourcesBuildPhase section */
		172AE6AE2093F65100EE8CC0 /* Resources */ = {
			isa = PBXResourcesBuildPhase;
			buildActionMask = 2147483647;
			files = (
				172AE6C12093F65500EE8CC0 /* LaunchScreen.storyboard in Resources */,
				172AE6BE2093F65500EE8CC0 /* Assets.xcassets in Resources */,
				172AE6B92093F65200EE8CC0 /* Main.storyboard in Resources */,
			);
			runOnlyForDeploymentPostprocessing = 0;
		};
/* End PBXResourcesBuildPhase section */

/* Begin PBXSourcesBuildPhase section */
		172AE6AC2093F65100EE8CC0 /* Sources */ = {
			isa = PBXSourcesBuildPhase;
			buildActionMask = 2147483647;
			files = (
				172AE6D42093FE3400EE8CC0 /* CollectionViewController.swift in Sources */,
				1714A4AF2094F2AD0064DE1D /* MiniLabViewController.swift in Sources */,
				172AE6D62093FEBC00EE8CC0 /* NewsCollectionViewCell.swift in Sources */,
				172AE6D22093FBDD00EE8CC0 /* TabBarController.swift in Sources */,
				1714A4B12094F3C10064DE1D /* MapViewController.swift in Sources */,
				172AE6DC2094D36A00EE8CC0 /* User.swift in Sources */,
				1714A4B52094FD1A0064DE1D /* NewsDetailViewController.swift in Sources */,
				172AE6BC2093F65200EE8CC0 /* iHelper_App.xcdatamodeld in Sources */,
				172AE6B42093F65100EE8CC0 /* AppDelegate.swift in Sources */,
				172AE6DA2094D35800EE8CC0 /* News.swift in Sources */,
				1714A4B32094FA450064DE1D /* Place.swift in Sources */,
			);
			runOnlyForDeploymentPostprocessing = 0;
		};
/* End PBXSourcesBuildPhase section */

/* Begin PBXVariantGroup section */
		172AE6B72093F65200EE8CC0 /* Main.storyboard */ = {
			isa = PBXVariantGroup;
			children = (
				172AE6B82093F65200EE8CC0 /* Base */,
			);
			name = Main.storyboard;
			sourceTree = "<group>";
		};
		172AE6BF2093F65500EE8CC0 /* LaunchScreen.storyboard */ = {
			isa = PBXVariantGroup;
			children = (
				172AE6C02093F65500EE8CC0 /* Base */,
			);
			name = LaunchScreen.storyboard;
			sourceTree = "<group>";
		};
/* End PBXVariantGroup section */

/* Begin XCBuildConfiguration section */
		172AE6C32093F65500EE8CC0 /* Debug */ = {
			isa = XCBuildConfiguration;
			buildSettings = {
				ALWAYS_SEARCH_USER_PATHS = NO;
				CLANG_ANALYZER_NONNULL = YES;
				CLANG_ANALYZER_NUMBER_OBJECT_CONVERSION = YES_AGGRESSIVE;
				CLANG_CXX_LANGUAGE_STANDARD = "gnu++14";
				CLANG_CXX_LIBRARY = "libc++";
				CLANG_ENABLE_MODULES = YES;
				CLANG_ENABLE_OBJC_ARC = YES;
				CLANG_ENABLE_OBJC_WEAK = YES;
				CLANG_WARN_BLOCK_CAPTURE_AUTORELEASING = YES;
				CLANG_WARN_BOOL_CONVERSION = YES;
				CLANG_WARN_COMMA = YES;
				CLANG_WARN_CONSTANT_CONVERSION = YES;
				CLANG_WARN_DEPRECATED_OBJC_IMPLEMENTATIONS = YES;
				CLANG_WARN_DIRECT_OBJC_ISA_USAGE = YES_ERROR;
				CLANG_WARN_DOCUMENTATION_COMMENTS = YES;
				CLANG_WARN_EMPTY_BODY = YES;
				CLANG_WARN_ENUM_CONVERSION = YES;
				CLANG_WARN_INFINITE_RECURSION = YES;
				CLANG_WARN_INT_CONVERSION = YES;
				CLANG_WARN_NON_LITERAL_NULL_CONVERSION = YES;
				CLANG_WARN_OBJC_IMPLICIT_RETAIN_SELF = YES;
				CLANG_WARN_OBJC_LITERAL_CONVERSION = YES;
				CLANG_WARN_OBJC_ROOT_CLASS = YES_ERROR;
				CLANG_WARN_RANGE_LOOP_ANALYSIS = YES;
				CLANG_WARN_STRICT_PROTOTYPES = YES;
				CLANG_WARN_SUSPICIOUS_MOVE = YES;
				CLANG_WARN_UNGUARDED_AVAILABILITY = YES_AGGRESSIVE;
				CLANG_WARN_UNREACHABLE_CODE = YES;
				CLANG_WARN__DUPLICATE_METHOD_MATCH = YES;
				CODE_SIGN_IDENTITY = "iPhone Developer";
				COPY_PHASE_STRIP = NO;
				DEBUG_INFORMATION_FORMAT = dwarf;
				ENABLE_STRICT_OBJC_MSGSEND = YES;
				ENABLE_TESTABILITY = YES;
				GCC_C_LANGUAGE_STANDARD = gnu11;
				GCC_DYNAMIC_NO_PIC = NO;
				GCC_NO_COMMON_BLOCKS = YES;
				GCC_OPTIMIZATION_LEVEL = 0;
				GCC_PREPROCESSOR_DEFINITIONS = (
					"DEBUG=1",
					"$(inherited)",
				);
				GCC_WARN_64_TO_32_BIT_CONVERSION = YES;
				GCC_WARN_ABOUT_RETURN_TYPE = YES_ERROR;
				GCC_WARN_UNDECLARED_SELECTOR = YES;
				GCC_WARN_UNINITIALIZED_AUTOS = YES_AGGRESSIVE;
				GCC_WARN_UNUSED_FUNCTION = YES;
				GCC_WARN_UNUSED_VARIABLE = YES;
				IPHONEOS_DEPLOYMENT_TARGET = 11.3;
				MTL_ENABLE_DEBUG_INFO = YES;
				ONLY_ACTIVE_ARCH = YES;
				SDKROOT = iphoneos;
				SWIFT_ACTIVE_COMPILATION_CONDITIONS = DEBUG;
				SWIFT_OPTIMIZATION_LEVEL = "-Onone";
			};
			name = Debug;
		};
		172AE6C42093F65500EE8CC0 /* Release */ = {
			isa = XCBuildConfiguration;
			buildSettings = {
				ALWAYS_SEARCH_USER_PATHS = NO;
				CLANG_ANALYZER_NONNULL = YES;
				CLANG_ANALYZER_NUMBER_OBJECT_CONVERSION = YES_AGGRESSIVE;
				CLANG_CXX_LANGUAGE_STANDARD = "gnu++14";
				CLANG_CXX_LIBRARY = "libc++";
				CLANG_ENABLE_MODULES = YES;
				CLANG_ENABLE_OBJC_ARC = YES;
				CLANG_ENABLE_OBJC_WEAK = YES;
				CLANG_WARN_BLOCK_CAPTURE_AUTORELEASING = YES;
				CLANG_WARN_BOOL_CONVERSION = YES;
				CLANG_WARN_COMMA = YES;
				CLANG_WARN_CONSTANT_CONVERSION = YES;
				CLANG_WARN_DEPRECATED_OBJC_IMPLEMENTATIONS = YES;
				CLANG_WARN_DIRECT_OBJC_ISA_USAGE = YES_ERROR;
				CLANG_WARN_DOCUMENTATION_COMMENTS = YES;
				CLANG_WARN_EMPTY_BODY = YES;
				CLANG_WARN_ENUM_CONVERSION = YES;
				CLANG_WARN_INFINITE_RECURSION = YES;
				CLANG_WARN_INT_CONVERSION = YES;
				CLANG_WARN_NON_LITERAL_NULL_CONVERSION = YES;
				CLANG_WARN_OBJC_IMPLICIT_RETAIN_SELF = YES;
				CLANG_WARN_OBJC_LITERAL_CONVERSION = YES;
				CLANG_WARN_OBJC_ROOT_CLASS = YES_ERROR;
				CLANG_WARN_RANGE_LOOP_ANALYSIS = YES;
				CLANG_WARN_STRICT_PROTOTYPES = YES;
				CLANG_WARN_SUSPICIOUS_MOVE = YES;
				CLANG_WARN_UNGUARDED_AVAILABILITY = YES_AGGRESSIVE;
				CLANG_WARN_UNREACHABLE_CODE = YES;
				CLANG_WARN__DUPLICATE_METHOD_MATCH = YES;
				CODE_SIGN_IDENTITY = "iPhone Developer";
				COPY_PHASE_STRIP = NO;
				DEBUG_INFORMATION_FORMAT = "dwarf-with-dsym";
				ENABLE_NS_ASSERTIONS = NO;
				ENABLE_STRICT_OBJC_MSGSEND = YES;
				GCC_C_LANGUAGE_STANDARD = gnu11;
				GCC_NO_COMMON_BLOCKS = YES;
				GCC_WARN_64_TO_32_BIT_CONVERSION = YES;
				GCC_WARN_ABOUT_RETURN_TYPE = YES_ERROR;
				GCC_WARN_UNDECLARED_SELECTOR = YES;
				GCC_WARN_UNINITIALIZED_AUTOS = YES_AGGRESSIVE;
				GCC_WARN_UNUSED_FUNCTION = YES;
				GCC_WARN_UNUSED_VARIABLE = YES;
				IPHONEOS_DEPLOYMENT_TARGET = 11.3;
				MTL_ENABLE_DEBUG_INFO = NO;
				SDKROOT = iphoneos;
				SWIFT_COMPILATION_MODE = wholemodule;
				SWIFT_OPTIMIZATION_LEVEL = "-O";
				VALIDATE_PRODUCT = YES;
			};
			name = Release;
		};
		172AE6C62093F65500EE8CC0 /* Debug */ = {
			isa = XCBuildConfiguration;
			buildSettings = {
				ASSETCATALOG_COMPILER_APPICON_NAME = AppIcon;
				CODE_SIGN_STYLE = Automatic;
				DEVELOPMENT_TEAM = J9W3V7N5BW;
				INFOPLIST_FILE = "iHelper App/Info.plist";
				LD_RUNPATH_SEARCH_PATHS = (
					"$(inherited)",
					"@executable_path/Frameworks",
				);
				PRODUCT_BUNDLE_IDENTIFIER = "iHelper.iHelper-App";
				PRODUCT_NAME = "$(TARGET_NAME)";
				SWIFT_VERSION = 4.0;
				TARGETED_DEVICE_FAMILY = "1,2";
			};
			name = Debug;
		};
		172AE6C72093F65500EE8CC0 /* Release */ = {
			isa = XCBuildConfiguration;
			buildSettings = {
				ASSETCATALOG_COMPILER_APPICON_NAME = AppIcon;
				CODE_SIGN_STYLE = Automatic;
				DEVELOPMENT_TEAM = J9W3V7N5BW;
				INFOPLIST_FILE = "iHelper App/Info.plist";
				LD_RUNPATH_SEARCH_PATHS = (
					"$(inherited)",
					"@executable_path/Frameworks",
				);
				PRODUCT_BUNDLE_IDENTIFIER = "iHelper.iHelper-App";
				PRODUCT_NAME = "$(TARGET_NAME)";
				SWIFT_VERSION = 4.0;
				TARGETED_DEVICE_FAMILY = "1,2";
			};
			name = Release;
		};
/* End XCBuildConfiguration section */

/* Begin XCConfigurationList section */
		172AE6AB2093F65100EE8CC0 /* Build configuration list for PBXProject "iHelper App" */ = {
			isa = XCConfigurationList;
			buildConfigurations = (
				172AE6C32093F65500EE8CC0 /* Debug */,
				172AE6C42093F65500EE8CC0 /* Release */,
			);
			defaultConfigurationIsVisible = 0;
			defaultConfigurationName = Release;
		};
		172AE6C52093F65500EE8CC0 /* Build configuration list for PBXNativeTarget "iHelper App" */ = {
			isa = XCConfigurationList;
			buildConfigurations = (
				172AE6C62093F65500EE8CC0 /* Debug */,
				172AE6C72093F65500EE8CC0 /* Release */,
			);
			defaultConfigurationIsVisible = 0;
			defaultConfigurationName = Release;
		};
/* End XCConfigurationList section */

/* Begin XCVersionGroup section */
		172AE6BA2093F65200EE8CC0 /* iHelper_App.xcdatamodeld */ = {
			isa = XCVersionGroup;
			children = (
				172AE6BB2093F65200EE8CC0 /* iHelper_App.xcdatamodel */,
			);
			currentVersion = 172AE6BB2093F65200EE8CC0 /* iHelper_App.xcdatamodel */;
			path = iHelper_App.xcdatamodeld;
			sourceTree = "<group>";
			versionGroupType = wrapper.xcdatamodel;
		};
/* End XCVersionGroup section */
	};
	rootObject = 172AE6A82093F65100EE8CC0 /* Project object */;
}
